
Microsoft Visual Studio Solution File, Format Version 12.00
# Visual Studio 15
VisualStudioVersion = 15.0.28307.421
MinimumVisualStudioVersion = 10.0.40219.1
Project("{9A19103F-16F7-4668-BE54-9A1E7A4F7556}") = "NewEraFlowerStore", "NewEraFlowerStore\NewEraFlowerStore.csproj", "{AEA909E2-695D-45CE-84DB-4BB66647A77B}"
EndProject
Global
	GlobalSection(SolutionConfigurationPlatforms) = preSolution
		Debug|Any CPU = Debug|Any CPU
		Release|Any CPU = Release|Any CPU
	EndGlobalSection
	GlobalSection(ProjectConfigurationPlatforms) = postSolution
		{AEA909E2-695D-45CE-84DB-4BB66647A77B}.Debug|Any CPU.ActiveCfg = Debug|Any CPU
		{AEA909E2-695D-45CE-84DB-4BB66647A77B}.Debug|Any CPU.Build.0 = Debug|Any CPU
		{AEA909E2-695D-45CE-84DB-4BB66647A77B}.Release|Any CPU.ActiveCfg = Release|Any CPU
		{AEA909E2-695D-45CE-84DB-4BB66647A77B}.Release|Any CPU.Build.0 = Release|Any CPU
	EndGlobalSection
	GlobalSection(SolutionProperties) = preSolution
		HideSolutionNode = FALSE
	EndGlobalSection
	GlobalSection(ExtensibilityGlobals) = postSolution
		SolutionGuid = {0CE18C55-51C9-4A3E-8285-B2021A793951}
	EndGlobalSection
EndGlobal
